
Microsoft Visual Studio Solution File, Format Version 12.00
# Visual Studio 15
Project("{FAE04EC0-301F-11D3-BF4B-00C04F79EFBC}") = "Assembly-CSharp", "Assembly-CSharp.csproj", "{E93954D9-D5BA-0041-0240-2A623E160B9F}"
EndProject
Project("{FAE04EC0-301F-11D3-BF4B-00C04F79EFBC}") = "Assembly-CSharp-firstpass", "Assembly-CSharp-firstpass.csproj", "{665E794C-7EAF-6E76-A382-556D9AA37D31}"
EndProject
Global
	GlobalSection(SolutionConfigurationPlatforms) = preSolution
		Debug|Any CPU = Debug|Any CPU
		Release|Any CPU = Release|Any CPU
	EndGlobalSection
	GlobalSection(ProjectConfigurationPlatforms) = postSolution
		{E93954D9-D5BA-0041-0240-2A623E160B9F}.Debug|Any CPU.ActiveCfg = Debug|Any CPU
		{E93954D9-D5BA-0041-0240-2A623E160B9F}.Debug|Any CPU.Build.0 = Debug|Any CPU
		{E93954D9-D5BA-0041-0240-2A623E160B9F}.Release|Any CPU.ActiveCfg = Release|Any CPU
		{E93954D9-D5BA-0041-0240-2A623E160B9F}.Release|Any CPU.Build.0 = Release|Any CPU
		{665E794C-7EAF-6E76-A382-556D9AA37D31}.Debug|Any CPU.ActiveCfg = Debug|Any CPU
		{665E794C-7EAF-6E76-A382-556D9AA37D31}.Debug|Any CPU.Build.0 = Debug|Any CPU
		{665E794C-7EAF-6E76-A382-556D9AA37D31}.Release|Any CPU.ActiveCfg = Release|Any CPU
		{665E794C-7EAF-6E76-A382-556D9AA37D31}.Release|Any CPU.Build.0 = Release|Any CPU
	EndGlobalSection
	GlobalSection(SolutionProperties) = preSolution
		HideSolutionNode = FALSE
	EndGlobalSection
EndGlobal
